
Microsoft Visual Studio Solution File, Format Version 12.00
# Visual Studio Version 17
VisualStudioVersion = 17.7.34003.232
MinimumVisualStudioVersion = 10.0.40219.1
Project("{9A19103F-16F7-4668-BE54-9A1E7A4F7556}") = "sanvicentetres.Shared", "sanvicentetres.Shared\sanvicentetres.Shared.csproj", "{7E0AC211-1330-454D-AB88-F3BFB4E93806}"
EndProject
Project("{9A19103F-16F7-4668-BE54-9A1E7A4F7556}") = "sanvicentetres.WEB", "sanvicentetres.WEB\sanvicentetres.WEB.csproj", "{D1F69C89-7D89-40A2-A7E1-244E5510D5E0}"
EndProject
Project("{9A19103F-16F7-4668-BE54-9A1E7A4F7556}") = "sanvicentetres.API", "sanvicentetres.API\sanvicentetres.API.csproj", "{EABDD6CA-0B23-4AF6-A882-B151D5A8EE18}"
EndProject
Global
	GlobalSection(SolutionConfigurationPlatforms) = preSolution
		Debug|Any CPU = Debug|Any CPU
		Release|Any CPU = Release|Any CPU
	EndGlobalSection
	GlobalSection(ProjectConfigurationPlatforms) = postSolution
		{7E0AC211-1330-454D-AB88-F3BFB4E93806}.Debug|Any CPU.ActiveCfg = Debug|Any CPU
		{7E0AC211-1330-454D-AB88-F3BFB4E93806}.Debug|Any CPU.Build.0 = Debug|Any CPU
		{7E0AC211-1330-454D-AB88-F3BFB4E93806}.Release|Any CPU.ActiveCfg = Release|Any CPU
		{7E0AC211-1330-454D-AB88-F3BFB4E93806}.Release|Any CPU.Build.0 = Release|Any CPU
		{D1F69C89-7D89-40A2-A7E1-244E5510D5E0}.Debug|Any CPU.ActiveCfg = Debug|Any CPU
		{D1F69C89-7D89-40A2-A7E1-244E5510D5E0}.Debug|Any CPU.Build.0 = Debug|Any CPU
		{D1F69C89-7D89-40A2-A7E1-244E5510D5E0}.Release|Any CPU.ActiveCfg = Release|Any CPU
		{D1F69C89-7D89-40A2-A7E1-244E5510D5E0}.Release|Any CPU.Build.0 = Release|Any CPU
		{EABDD6CA-0B23-4AF6-A882-B151D5A8EE18}.Debug|Any CPU.ActiveCfg = Debug|Any CPU
		{EABDD6CA-0B23-4AF6-A882-B151D5A8EE18}.Debug|Any CPU.Build.0 = Debug|Any CPU
		{EABDD6CA-0B23-4AF6-A882-B151D5A8EE18}.Release|Any CPU.ActiveCfg = Release|Any CPU
		{EABDD6CA-0B23-4AF6-A882-B151D5A8EE18}.Release|Any CPU.Build.0 = Release|Any CPU
	EndGlobalSection
	GlobalSection(SolutionProperties) = preSolution
		HideSolutionNode = FALSE
	EndGlobalSection
	GlobalSection(ExtensibilityGlobals) = postSolution
		SolutionGuid = {E8398C72-4DA1-4C29-B3B0-A295CA7AB7D4}
	EndGlobalSection
EndGlobal
